
Microsoft Visual Studio Solution File, Format Version 12.00
# Visual Studio 15
VisualStudioVersion = 15.0.28307.572
MinimumVisualStudioVersion = 10.0.40219.1
Project("{8BC9CEB8-8B4A-11D0-8D11-00A0C91BC942}") = "Conductor", "Conductor\Conductor.vcxproj", "{1579652B-0C60-4C45-8131-1D5F9BB59108}"
	ProjectSection(ProjectDependencies) = postProject
		{D8F263C4-B227-4BA0-A01D-2727DD7D2465} = {D8F263C4-B227-4BA0-A01D-2727DD7D2465}
		{BB9CF1F1-C3B7-44FB-BC07-DE3B5356AC3B} = {BB9CF1F1-C3B7-44FB-BC07-DE3B5356AC3B}
	EndProjectSection
EndProject
Project("{8BC9CEB8-8B4A-11D0-8D11-00A0C91BC942}") = "IslandGame", "IslandGame\IslandGame.vcxproj", "{B10E866F-4BC6-4394-9145-639C15AD0195}"
	ProjectSection(ProjectDependencies) = postProject
		{1579652B-0C60-4C45-8131-1D5F9BB59108} = {1579652B-0C60-4C45-8131-1D5F9BB59108}
		{BB9CF1F1-C3B7-44FB-BC07-DE3B5356AC3B} = {BB9CF1F1-C3B7-44FB-BC07-DE3B5356AC3B}
	EndProjectSection
EndProject
Project("{8BC9CEB8-8B4A-11D0-8D11-00A0C91BC942}") = "Amp", "Amp\Amp.vcxproj", "{BB9CF1F1-C3B7-44FB-BC07-DE3B5356AC3B}"
EndProject
Project("{8BC9CEB8-8B4A-11D0-8D11-00A0C91BC942}") = "CodeGenerator", "CodeGenerator\CodeGenerator.vcxproj", "{D8F263C4-B227-4BA0-A01D-2727DD7D2465}"
	ProjectSection(ProjectDependencies) = postProject
		{BB9CF1F1-C3B7-44FB-BC07-DE3B5356AC3B} = {BB9CF1F1-C3B7-44FB-BC07-DE3B5356AC3B}
	EndProjectSection
EndProject
Project("{2150E333-8FDC-42A3-9474-1A3956D46DE8}") = "tools", "tools", "{86F57F60-1022-40CE-9C6B-7639D608EA07}"
EndProject
Project("{8BC9CEB8-8B4A-11D0-8D11-00A0C91BC942}") = "ConductorWindowsDLL", "ConductorWindowsDLL\ConductorWindowsDLL.vcxproj", "{613D2596-49F6-485A-BE63-3A7B0E601D91}"
	ProjectSection(ProjectDependencies) = postProject
		{1579652B-0C60-4C45-8131-1D5F9BB59108} = {1579652B-0C60-4C45-8131-1D5F9BB59108}
		{D8F263C4-B227-4BA0-A01D-2727DD7D2465} = {D8F263C4-B227-4BA0-A01D-2727DD7D2465}
		{BB9CF1F1-C3B7-44FB-BC07-DE3B5356AC3B} = {BB9CF1F1-C3B7-44FB-BC07-DE3B5356AC3B}
	EndProjectSection
EndProject
Global
	GlobalSection(SolutionConfigurationPlatforms) = preSolution
		Debug|x64 = Debug|x64
		Debug|x86 = Debug|x86
		Release|x64 = Release|x64
		Release|x86 = Release|x86
	EndGlobalSection
	GlobalSection(ProjectConfigurationPlatforms) = postSolution
		{1579652B-0C60-4C45-8131-1D5F9BB59108}.Debug|x64.ActiveCfg = Debug|x64
		{1579652B-0C60-4C45-8131-1D5F9BB59108}.Debug|x64.Build.0 = Debug|x64
		{1579652B-0C60-4C45-8131-1D5F9BB59108}.Debug|x86.ActiveCfg = Debug|Win32
		{1579652B-0C60-4C45-8131-1D5F9BB59108}.Debug|x86.Build.0 = Debug|Win32
		{1579652B-0C60-4C45-8131-1D5F9BB59108}.Release|x64.ActiveCfg = Release|x64
		{1579652B-0C60-4C45-8131-1D5F9BB59108}.Release|x64.Build.0 = Release|x64
		{1579652B-0C60-4C45-8131-1D5F9BB59108}.Release|x86.ActiveCfg = Release|Win32
		{1579652B-0C60-4C45-8131-1D5F9BB59108}.Release|x86.Build.0 = Release|Win32
		{B10E866F-4BC6-4394-9145-639C15AD0195}.Debug|x64.ActiveCfg = Debug|x64
		{B10E866F-4BC6-4394-9145-639C15AD0195}.Debug|x64.Build.0 = Debug|x64
		{B10E866F-4BC6-4394-9145-639C15AD0195}.Debug|x86.ActiveCfg = Debug|Win32
		{B10E866F-4BC6-4394-9145-639C15AD0195}.Debug|x86.Build.0 = Debug|Win32
		{B10E866F-4BC6-4394-9145-639C15AD0195}.Release|x64.ActiveCfg = Release|x64
		{B10E866F-4BC6-4394-9145-639C15AD0195}.Release|x64.Build.0 = Release|x64
		{B10E866F-4BC6-4394-9145-639C15AD0195}.Release|x86.ActiveCfg = Release|Win32
		{B10E866F-4BC6-4394-9145-639C15AD0195}.Release|x86.Build.0 = Release|Win32
		{BB9CF1F1-C3B7-44FB-BC07-DE3B5356AC3B}.Debug|x64.ActiveCfg = Debug|x64
		{BB9CF1F1-C3B7-44FB-BC07-DE3B5356AC3B}.Debug|x64.Build.0 = Debug|x64
		{BB9CF1F1-C3B7-44FB-BC07-DE3B5356AC3B}.Debug|x86.ActiveCfg = Debug|Win32
		{BB9CF1F1-C3B7-44FB-BC07-DE3B5356AC3B}.Debug|x86.Build.0 = Debug|Win32
		{BB9CF1F1-C3B7-44FB-BC07-DE3B5356AC3B}.Release|x64.ActiveCfg = Release|x64
		{BB9CF1F1-C3B7-44FB-BC07-DE3B5356AC3B}.Release|x64.Build.0 = Release|x64
		{BB9CF1F1-C3B7-44FB-BC07-DE3B5356AC3B}.Release|x86.ActiveCfg = Release|Win32
		{BB9CF1F1-C3B7-44FB-BC07-DE3B5356AC3B}.Release|x86.Build.0 = Release|Win32
		{D8F263C4-B227-4BA0-A01D-2727DD7D2465}.Debug|x64.ActiveCfg = Debug|x64
		{D8F263C4-B227-4BA0-A01D-2727DD7D2465}.Debug|x64.Build.0 = Debug|x64
		{D8F263C4-B227-4BA0-A01D-2727DD7D2465}.Debug|x86.ActiveCfg = Debug|Win32
		{D8F263C4-B227-4BA0-A01D-2727DD7D2465}.Debug|x86.Build.0 = Debug|Win32
		{D8F263C4-B227-4BA0-A01D-2727DD7D2465}.Release|x64.ActiveCfg = Release|x64
		{D8F263C4-B227-4BA0-A01D-2727DD7D2465}.Release|x64.Build.0 = Release|x64
		{D8F263C4-B227-4BA0-A01D-2727DD7D2465}.Release|x86.ActiveCfg = Release|Win32
		{D8F263C4-B227-4BA0-A01D-2727DD7D2465}.Release|x86.Build.0 = Release|Win32
		{613D2596-49F6-485A-BE63-3A7B0E601D91}.Debug|x64.ActiveCfg = Debug|x64
		{613D2596-49F6-485A-BE63-3A7B0E601D91}.Debug|x64.Build.0 = Debug|x64
		{613D2596-49F6-485A-BE63-3A7B0E601D91}.Debug|x86.ActiveCfg = Debug|Win32
		{613D2596-49F6-485A-BE63-3A7B0E601D91}.Debug|x86.Build.0 = Debug|Win32
		{613D2596-49F6-485A-BE63-3A7B0E601D91}.Release|x64.ActiveCfg = Release|x64
		{613D2596-49F6-485A-BE63-3A7B0E601D91}.Release|x64.Build.0 = Release|x64
		{613D2596-49F6-485A-BE63-3A7B0E601D91}.Release|x86.ActiveCfg = Release|Win32
		{613D2596-49F6-485A-BE63-3A7B0E601D91}.Release|x86.Build.0 = Release|Win32
	EndGlobalSection
	GlobalSection(SolutionProperties) = preSolution
		HideSolutionNode = FALSE
	EndGlobalSection
	GlobalSection(NestedProjects) = preSolution
		{D8F263C4-B227-4BA0-A01D-2727DD7D2465} = {86F57F60-1022-40CE-9C6B-7639D608EA07}
	EndGlobalSection
	GlobalSection(ExtensibilityGlobals) = postSolution
		SolutionGuid = {55E582C5-4FE7-4BE3-A7BA-E3A8E9AED3E6}
	EndGlobalSection
EndGlobal
