
Microsoft Visual Studio Solution File, Format Version 12.00
# Visual Studio 15
VisualStudioVersion = 15.0.26430.15
MinimumVisualStudioVersion = 10.0.40219.1
Project("{8BC9CEB8-8B4A-11D0-8D11-00A0C91BC942}") = "Conductor", "Conductor\Conductor.vcxproj", "{1579652B-0C60-4C45-8131-1D5F9BB59108}"
	ProjectSection(ProjectDependencies) = postProject
		{BB9CF1F1-C3B7-44FB-BC07-DE3B5356AC3B} = {BB9CF1F1-C3B7-44FB-BC07-DE3B5356AC3B}
	EndProjectSection
EndProject
Project("{8BC9CEB8-8B4A-11D0-8D11-00A0C91BC942}") = "IslandGame", "IslandGame\IslandGame.vcxproj", "{B10E866F-4BC6-4394-9145-639C15AD0195}"
	ProjectSection(ProjectDependencies) = postProject
		{1579652B-0C60-4C45-8131-1D5F9BB59108} = {1579652B-0C60-4C45-8131-1D5F9BB59108}
		{55E6FE5D-B86E-4FE7-A6C6-D5B4A6A21EAE} = {55E6FE5D-B86E-4FE7-A6C6-D5B4A6A21EAE}
		{BB9CF1F1-C3B7-44FB-BC07-DE3B5356AC3B} = {BB9CF1F1-C3B7-44FB-BC07-DE3B5356AC3B}
	EndProjectSection
EndProject
Project("{8BC9CEB8-8B4A-11D0-8D11-00A0C91BC942}") = "VulkanRenderer", "VulkanRenderer\VulkanRenderer.vcxproj", "{55E6FE5D-B86E-4FE7-A6C6-D5B4A6A21EAE}"
	ProjectSection(ProjectDependencies) = postProject
		{1579652B-0C60-4C45-8131-1D5F9BB59108} = {1579652B-0C60-4C45-8131-1D5F9BB59108}
		{267BEF78-CE7B-4B96-8494-0D8286D91B61} = {267BEF78-CE7B-4B96-8494-0D8286D91B61}
		{BB9CF1F1-C3B7-44FB-BC07-DE3B5356AC3B} = {BB9CF1F1-C3B7-44FB-BC07-DE3B5356AC3B}
	EndProjectSection
EndProject
Project("{8BC9CEB8-8B4A-11D0-8D11-00A0C91BC942}") = "glslang", "glslang\glslang.vcxproj", "{267BEF78-CE7B-4B96-8494-0D8286D91B61}"
EndProject
Project("{8BC9CEB8-8B4A-11D0-8D11-00A0C91BC942}") = "Amp", "Amp\Amp.vcxproj", "{BB9CF1F1-C3B7-44FB-BC07-DE3B5356AC3B}"
EndProject
Project("{8BC9CEB8-8B4A-11D0-8D11-00A0C91BC942}") = "CodeGenerator", "CodeGenerator\CodeGenerator.vcxproj", "{D8F263C4-B227-4BA0-A01D-2727DD7D2465}"
	ProjectSection(ProjectDependencies) = postProject
		{BB9CF1F1-C3B7-44FB-BC07-DE3B5356AC3B} = {BB9CF1F1-C3B7-44FB-BC07-DE3B5356AC3B}
	EndProjectSection
EndProject
Global
	GlobalSection(SolutionConfigurationPlatforms) = preSolution
		Debug|x64 = Debug|x64
		Debug|x86 = Debug|x86
		Release|x64 = Release|x64
		Release|x86 = Release|x86
	EndGlobalSection
	GlobalSection(ProjectConfigurationPlatforms) = postSolution
		{1579652B-0C60-4C45-8131-1D5F9BB59108}.Debug|x64.ActiveCfg = Debug|x64
		{1579652B-0C60-4C45-8131-1D5F9BB59108}.Debug|x64.Build.0 = Debug|x64
		{1579652B-0C60-4C45-8131-1D5F9BB59108}.Debug|x86.ActiveCfg = Debug|Win32
		{1579652B-0C60-4C45-8131-1D5F9BB59108}.Debug|x86.Build.0 = Debug|Win32
		{1579652B-0C60-4C45-8131-1D5F9BB59108}.Release|x64.ActiveCfg = Release|x64
		{1579652B-0C60-4C45-8131-1D5F9BB59108}.Release|x64.Build.0 = Release|x64
		{1579652B-0C60-4C45-8131-1D5F9BB59108}.Release|x86.ActiveCfg = Release|Win32
		{1579652B-0C60-4C45-8131-1D5F9BB59108}.Release|x86.Build.0 = Release|Win32
		{B10E866F-4BC6-4394-9145-639C15AD0195}.Debug|x64.ActiveCfg = Debug|x64
		{B10E866F-4BC6-4394-9145-639C15AD0195}.Debug|x64.Build.0 = Debug|x64
		{B10E866F-4BC6-4394-9145-639C15AD0195}.Debug|x86.ActiveCfg = Debug|Win32
		{B10E866F-4BC6-4394-9145-639C15AD0195}.Debug|x86.Build.0 = Debug|Win32
		{B10E866F-4BC6-4394-9145-639C15AD0195}.Release|x64.ActiveCfg = Release|x64
		{B10E866F-4BC6-4394-9145-639C15AD0195}.Release|x64.Build.0 = Release|x64
		{B10E866F-4BC6-4394-9145-639C15AD0195}.Release|x86.ActiveCfg = Release|Win32
		{B10E866F-4BC6-4394-9145-639C15AD0195}.Release|x86.Build.0 = Release|Win32
		{55E6FE5D-B86E-4FE7-A6C6-D5B4A6A21EAE}.Debug|x64.ActiveCfg = Debug|x64
		{55E6FE5D-B86E-4FE7-A6C6-D5B4A6A21EAE}.Debug|x64.Build.0 = Debug|x64
		{55E6FE5D-B86E-4FE7-A6C6-D5B4A6A21EAE}.Debug|x86.ActiveCfg = Debug|Win32
		{55E6FE5D-B86E-4FE7-A6C6-D5B4A6A21EAE}.Debug|x86.Build.0 = Debug|Win32
		{55E6FE5D-B86E-4FE7-A6C6-D5B4A6A21EAE}.Release|x64.ActiveCfg = Release|x64
		{55E6FE5D-B86E-4FE7-A6C6-D5B4A6A21EAE}.Release|x64.Build.0 = Release|x64
		{55E6FE5D-B86E-4FE7-A6C6-D5B4A6A21EAE}.Release|x86.ActiveCfg = Release|Win32
		{55E6FE5D-B86E-4FE7-A6C6-D5B4A6A21EAE}.Release|x86.Build.0 = Release|Win32
		{267BEF78-CE7B-4B96-8494-0D8286D91B61}.Debug|x64.ActiveCfg = Debug|x64
		{267BEF78-CE7B-4B96-8494-0D8286D91B61}.Debug|x64.Build.0 = Debug|x64
		{267BEF78-CE7B-4B96-8494-0D8286D91B61}.Debug|x86.ActiveCfg = Debug|Win32
		{267BEF78-CE7B-4B96-8494-0D8286D91B61}.Debug|x86.Build.0 = Debug|Win32
		{267BEF78-CE7B-4B96-8494-0D8286D91B61}.Release|x64.ActiveCfg = Release|x64
		{267BEF78-CE7B-4B96-8494-0D8286D91B61}.Release|x64.Build.0 = Release|x64
		{267BEF78-CE7B-4B96-8494-0D8286D91B61}.Release|x86.ActiveCfg = Release|Win32
		{267BEF78-CE7B-4B96-8494-0D8286D91B61}.Release|x86.Build.0 = Release|Win32
		{BB9CF1F1-C3B7-44FB-BC07-DE3B5356AC3B}.Debug|x64.ActiveCfg = Debug|x64
		{BB9CF1F1-C3B7-44FB-BC07-DE3B5356AC3B}.Debug|x64.Build.0 = Debug|x64
		{BB9CF1F1-C3B7-44FB-BC07-DE3B5356AC3B}.Debug|x86.ActiveCfg = Debug|Win32
		{BB9CF1F1-C3B7-44FB-BC07-DE3B5356AC3B}.Debug|x86.Build.0 = Debug|Win32
		{BB9CF1F1-C3B7-44FB-BC07-DE3B5356AC3B}.Release|x64.ActiveCfg = Release|x64
		{BB9CF1F1-C3B7-44FB-BC07-DE3B5356AC3B}.Release|x64.Build.0 = Release|x64
		{BB9CF1F1-C3B7-44FB-BC07-DE3B5356AC3B}.Release|x86.ActiveCfg = Release|Win32
		{BB9CF1F1-C3B7-44FB-BC07-DE3B5356AC3B}.Release|x86.Build.0 = Release|Win32
		{D8F263C4-B227-4BA0-A01D-2727DD7D2465}.Debug|x64.ActiveCfg = Debug|x64
		{D8F263C4-B227-4BA0-A01D-2727DD7D2465}.Debug|x64.Build.0 = Debug|x64
		{D8F263C4-B227-4BA0-A01D-2727DD7D2465}.Debug|x86.ActiveCfg = Debug|Win32
		{D8F263C4-B227-4BA0-A01D-2727DD7D2465}.Debug|x86.Build.0 = Debug|Win32
		{D8F263C4-B227-4BA0-A01D-2727DD7D2465}.Release|x64.ActiveCfg = Release|x64
		{D8F263C4-B227-4BA0-A01D-2727DD7D2465}.Release|x64.Build.0 = Release|x64
		{D8F263C4-B227-4BA0-A01D-2727DD7D2465}.Release|x86.ActiveCfg = Release|Win32
		{D8F263C4-B227-4BA0-A01D-2727DD7D2465}.Release|x86.Build.0 = Release|Win32
	EndGlobalSection
	GlobalSection(SolutionProperties) = preSolution
		HideSolutionNode = FALSE
	EndGlobalSection
	GlobalSection(ExtensibilityGlobals) = postSolution
		SolutionGuid = {55E582C5-4FE7-4BE3-A7BA-E3A8E9AED3E6}
	EndGlobalSection
EndGlobal
